
Microsoft Visual Studio Solution File, Format Version 12.00
# Visual Studio Version 17
VisualStudioVersion = 17.14.36212.18
MinimumVisualStudioVersion = 10.0.40219.1
Project("{FAE04EC0-301F-11D3-BF4B-00C04F79EFBC}") = "Crepe_Simulator", "Crepe_Simulator\Crepe_Simulator.csproj", "{78E77ED6-D60A-4E90-B66B-51F6D25465AA}"
EndProject
Global
	GlobalSection(SolutionConfigurationPlatforms) = preSolution
		Debug|Any CPU = Debug|Any CPU
		Release|Any CPU = Release|Any CPU
	EndGlobalSection
	GlobalSection(ProjectConfigurationPlatforms) = postSolution
		{78E77ED6-D60A-4E90-B66B-51F6D25465AA}.Debug|Any CPU.ActiveCfg = Debug|Any CPU
		{78E77ED6-D60A-4E90-B66B-51F6D25465AA}.Debug|Any CPU.Build.0 = Debug|Any CPU
		{78E77ED6-D60A-4E90-B66B-51F6D25465AA}.Release|Any CPU.ActiveCfg = Release|Any CPU
		{78E77ED6-D60A-4E90-B66B-51F6D25465AA}.Release|Any CPU.Build.0 = Release|Any CPU
	EndGlobalSection
	GlobalSection(SolutionProperties) = preSolution
		HideSolutionNode = FALSE
	EndGlobalSection
	GlobalSection(ExtensibilityGlobals) = postSolution
		SolutionGuid = {688D3BDF-3CD2-4F60-A4EE-FF6CFD61DEE1}
	EndGlobalSection
EndGlobal
